
Microsoft Visual Studio Solution File, Format Version 12.00
# Visual Studio 15
VisualStudioVersion = 15.0.27004.2002
MinimumVisualStudioVersion = 10.0.40219.1
Project("{2150E333-8FDC-42A3-9474-1A3956D46DE8}") = "ConsoleSolvers", "ConsoleSolvers", "{2A1A4497-1B84-468B-A2AE-AAD49D137200}"
EndProject
Project("{2150E333-8FDC-42A3-9474-1A3956D46DE8}") = "Day1", "Day1", "{973ACC38-F964-484F-860A-EF65EBD203F4}"
EndProject
Project("{2150E333-8FDC-42A3-9474-1A3956D46DE8}") = "Library", "Library", "{3B6DA467-2A43-4755-8235-832FA0069623}"
EndProject
Project("{2150E333-8FDC-42A3-9474-1A3956D46DE8}") = "Tests", "Tests", "{CA2C82B0-E971-4B9A-AC54-F5429B48B664}"
EndProject
Project("{9A19103F-16F7-4668-BE54-9A1E7A4F7556}") = "Day1Part1", "src\ConsoleSolvers\Day1Part1\Day1Part1.csproj", "{0DAF844A-D46F-4CBC-B1E8-739864F3E1AE}"
EndProject
Project("{9A19103F-16F7-4668-BE54-9A1E7A4F7556}") = "Day1Part2", "src\ConsoleSolvers\Day1Part2\Day1Part2.csproj", "{8DAC923E-1914-4237-8F2C-6C5057BC86C2}"
EndProject
Project("{9A19103F-16F7-4668-BE54-9A1E7A4F7556}") = "AdventLibrary", "src\AdventLibrary\AdventLibrary.csproj", "{A059D8D4-B7AA-4E2E-A7F1-FA718FBD9759}"
EndProject
Project("{9A19103F-16F7-4668-BE54-9A1E7A4F7556}") = "AdventLibraryTests", "test\AdventLibraryTests\AdventLibraryTests.csproj", "{61832D3F-CA64-428A-A675-E50C3B799E58}"
EndProject
Global
	GlobalSection(SolutionConfigurationPlatforms) = preSolution
		Debug|Any CPU = Debug|Any CPU
		Release|Any CPU = Release|Any CPU
	EndGlobalSection
	GlobalSection(ProjectConfigurationPlatforms) = postSolution
		{0DAF844A-D46F-4CBC-B1E8-739864F3E1AE}.Debug|Any CPU.ActiveCfg = Debug|Any CPU
		{0DAF844A-D46F-4CBC-B1E8-739864F3E1AE}.Debug|Any CPU.Build.0 = Debug|Any CPU
		{0DAF844A-D46F-4CBC-B1E8-739864F3E1AE}.Release|Any CPU.ActiveCfg = Release|Any CPU
		{0DAF844A-D46F-4CBC-B1E8-739864F3E1AE}.Release|Any CPU.Build.0 = Release|Any CPU
		{8DAC923E-1914-4237-8F2C-6C5057BC86C2}.Debug|Any CPU.ActiveCfg = Debug|Any CPU
		{8DAC923E-1914-4237-8F2C-6C5057BC86C2}.Debug|Any CPU.Build.0 = Debug|Any CPU
		{8DAC923E-1914-4237-8F2C-6C5057BC86C2}.Release|Any CPU.ActiveCfg = Release|Any CPU
		{8DAC923E-1914-4237-8F2C-6C5057BC86C2}.Release|Any CPU.Build.0 = Release|Any CPU
		{A059D8D4-B7AA-4E2E-A7F1-FA718FBD9759}.Debug|Any CPU.ActiveCfg = Debug|Any CPU
		{A059D8D4-B7AA-4E2E-A7F1-FA718FBD9759}.Debug|Any CPU.Build.0 = Debug|Any CPU
		{A059D8D4-B7AA-4E2E-A7F1-FA718FBD9759}.Release|Any CPU.ActiveCfg = Release|Any CPU
		{A059D8D4-B7AA-4E2E-A7F1-FA718FBD9759}.Release|Any CPU.Build.0 = Release|Any CPU
		{61832D3F-CA64-428A-A675-E50C3B799E58}.Debug|Any CPU.ActiveCfg = Debug|Any CPU
		{61832D3F-CA64-428A-A675-E50C3B799E58}.Debug|Any CPU.Build.0 = Debug|Any CPU
		{61832D3F-CA64-428A-A675-E50C3B799E58}.Release|Any CPU.ActiveCfg = Release|Any CPU
		{61832D3F-CA64-428A-A675-E50C3B799E58}.Release|Any CPU.Build.0 = Release|Any CPU
	EndGlobalSection
	GlobalSection(SolutionProperties) = preSolution
		HideSolutionNode = FALSE
	EndGlobalSection
	GlobalSection(NestedProjects) = preSolution
		{973ACC38-F964-484F-860A-EF65EBD203F4} = {2A1A4497-1B84-468B-A2AE-AAD49D137200}
		{0DAF844A-D46F-4CBC-B1E8-739864F3E1AE} = {973ACC38-F964-484F-860A-EF65EBD203F4}
		{8DAC923E-1914-4237-8F2C-6C5057BC86C2} = {973ACC38-F964-484F-860A-EF65EBD203F4}
		{A059D8D4-B7AA-4E2E-A7F1-FA718FBD9759} = {3B6DA467-2A43-4755-8235-832FA0069623}
		{61832D3F-CA64-428A-A675-E50C3B799E58} = {CA2C82B0-E971-4B9A-AC54-F5429B48B664}
	EndGlobalSection
	GlobalSection(ExtensibilityGlobals) = postSolution
		SolutionGuid = {ED403585-E3A3-4677-ACE8-74957391FDAD}
	EndGlobalSection
EndGlobal
